// !$*UTF8*$!
{
	archiveVersion = 1;
	classes = {
	};
	objectVersion = 50;
	objects = {

/* Begin PBXBuildFile section */
		5FB2D91F252A2D7D004F975A /* AppDelegate.swift in Sources */ = {isa = PBXBuildFile; fileRef = 5FB2D91E252A2D7D004F975A /* AppDelegate.swift */; };
		5FB2D921252A2D7D004F975A /* SceneDelegate.swift in Sources */ = {isa = PBXBuildFile; fileRef = 5FB2D920252A2D7D004F975A /* SceneDelegate.swift */; };
		5FB2D923252A2D7D004F975A /* ViewController.swift in Sources */ = {isa = PBXBuildFile; fileRef = 5FB2D922252A2D7D004F975A /* ViewController.swift */; };
		5FB2D926252A2D7D004F975A /* Main.storyboard in Resources */ = {isa = PBXBuildFile; fileRef = 5FB2D924252A2D7D004F975A /* Main.storyboard */; };
		5FB2D928252A2D7E004F975A /* Assets.xcassets in Resources */ = {isa = PBXBuildFile; fileRef = 5FB2D927252A2D7E004F975A /* Assets.xcassets */; };
		5FB2D92B252A2D7E004F975A /* LaunchScreen.storyboard in Resources */ = {isa = PBXBuildFile; fileRef = 5FB2D929252A2D7E004F975A /* LaunchScreen.storyboard */; };
/* End PBXBuildFile section */

/* Begin PBXFileReference section */
		5FB2D91B252A2D7D004F975A /* Camera&PhotoLibrary.app */ = {isa = PBXFileReference; explicitFileType = wrapper.application; includeInIndex = 0; path = "Camera&PhotoLibrary.app"; sourceTree = BUILT_PRODUCTS_DIR; };
		5FB2D91E252A2D7D004F975A /* AppDelegate.swift */ = {isa = PBXFileReference; lastKnownFileType = sourcecode.swift; path = AppDelegate.swift; sourceTree = "<group>"; };
		5FB2D920252A2D7D004F975A /* SceneDelegate.swift */ = {isa = PBXFileReference; lastKnownFileType = sourcecode.swift; path = SceneDelegate.swift; sourceTree = "<group>"; };
		5FB2D922252A2D7D004F975A /* ViewController.swift */ = {isa = PBXFileReference; lastKnownFileType = sourcecode.swift; path = ViewController.swift; sourceTree = "<group>"; };
		5FB2D925252A2D7D004F975A /* Base */ = {isa = PBXFileReference; lastKnownFileType = file.storyboard; name = Base; path = Base.lproj/Main.storyboard; sourceTree = "<group>"; };
		5FB2D927252A2D7E004F975A /* Assets.xcassets */ = {isa = PBXFileReference; lastKnownFileType = folder.assetcatalog; path = Assets.xcassets; sourceTree = "<group>"; };
		5FB2D92A252A2D7E004F975A /* Base */ = {isa = PBXFileReference; lastKnownFileType = file.storyboard; name = Base; path = Base.lproj/LaunchScreen.storyboard; sourceTree = "<group>"; };
		5FB2D92C252A2D7E004F975A /* Info.plist */ = {isa = PBXFileReference; lastKnownFileType = text.plist.xml; path = Info.plist; sourceTree = "<group>"; };
/* End PBXFileReference section */

/* Begin PBXFrameworksBuildPhase section */
		5FB2D918252A2D7D004F975A /* Frameworks */ = {
			isa = PBXFrameworksBuildPhase;
			buildActionMask = 2147483647;
			files = (
			);
			runOnlyForDeploymentPostprocessing = 0;
		};
/* End PBXFrameworksBuildPhase section */

/* Begin PBXGroup section */
		5FB2D912252A2D7D004F975A = {
			isa = PBXGroup;
			children = (
				5FB2D91D252A2D7D004F975A /* Camera&PhotoLibrary */,
				5FB2D91C252A2D7D004F975A /* Products */,
			);
			sourceTree = "<group>";
		};
		5FB2D91C252A2D7D004F975A /* Products */ = {
			isa = PBXGroup;
			children = (
				5FB2D91B252A2D7D004F975A /* Camera&PhotoLibrary.app */,
			);
			name = Products;
			sourceTree = "<group>";
		};
		5FB2D91D252A2D7D004F975A /* Camera&PhotoLibrary */ = {
			isa = PBXGroup;
			children = (
				5FB2D91E252A2D7D004F975A /* AppDelegate.swift */,
				5FB2D920252A2D7D004F975A /* SceneDelegate.swift */,
				5FB2D922252A2D7D004F975A /* ViewController.swift */,
				5FB2D924252A2D7D004F975A /* Main.storyboard */,
				5FB2D927252A2D7E004F975A /* Assets.xcassets */,
				5FB2D929252A2D7E004F975A /* LaunchScreen.storyboard */,
				5FB2D92C252A2D7E004F975A /* Info.plist */,
			);
			path = "Camera&PhotoLibrary";
			sourceTree = "<group>";
		};
/* End PBXGroup section */

/* Begin PBXNativeTarget section */
		5FB2D91A252A2D7D004F975A /* Camera&PhotoLibrary */ = {
			isa = PBXNativeTarget;
			buildConfigurationList = 5FB2D92F252A2D7E004F975A /* Build configuration list for PBXNativeTarget "Camera&PhotoLibrary" */;
			buildPhases = (
				5FB2D917252A2D7D004F975A /* Sources */,
				5FB2D918252A2D7D004F975A /* Frameworks */,
				5FB2D919252A2D7D004F975A /* Resources */,
			);
			buildRules = (
			);
			dependencies = (
			);
			name = "Camera&PhotoLibrary";
			productName = "Camera&PhotoLibrary";
			productReference = 5FB2D91B252A2D7D004F975A /* Camera&PhotoLibrary.app */;
			productType = "com.apple.product-type.application";
		};
/* End PBXNativeTarget section */

/* Begin PBXProject section */
		5FB2D913252A2D7D004F975A /* Project object */ = {
			isa = PBXProject;
			attributes = {
				LastSwiftUpdateCheck = 1200;
				LastUpgradeCheck = 1200;
				TargetAttributes = {
					5FB2D91A252A2D7D004F975A = {
						CreatedOnToolsVersion = 12.0;
					};
				};
			};
			buildConfigurationList = 5FB2D916252A2D7D004F975A /* Build configuration list for PBXProject "Camera&PhotoLibrary" */;
			compatibilityVersion = "Xcode 9.3";
			developmentRegion = en;
			hasScannedForEncodings = 0;
			knownRegions = (
				en,
				Base,
			);
			mainGroup = 5FB2D912252A2D7D004F975A;
			productRefGroup = 5FB2D91C252A2D7D004F975A /* Products */;
			projectDirPath = "";
			projectRoot = "";
			targets = (
				5FB2D91A252A2D7D004F975A /* Camera&PhotoLibrary */,
			);
		};
/* End PBXProject section */

/* Begin PBXResourcesBuildPhase section */
		5FB2D919252A2D7D004F975A /* Resources */ = {
			isa = PBXResourcesBuildPhase;
			buildActionMask = 2147483647;
			files = (
				5FB2D92B252A2D7E004F975A /* LaunchScreen.storyboard in Resources */,
				5FB2D928252A2D7E004F975A /* Assets.xcassets in Resources */,
				5FB2D926252A2D7D004F975A /* Main.storyboard in Resources */,
			);
			runOnlyForDeploymentPostprocessing = 0;
		};
/* End PBXResourcesBuildPhase section */

/* Begin PBXSourcesBuildPhase section */
		5FB2D917252A2D7D004F975A /* Sources */ = {
			isa = PBXSourcesBuildPhase;
			buildActionMask = 2147483647;
			files = (
				5FB2D923252A2D7D004F975A /* ViewController.swift in Sources */,
				5FB2D91F252A2D7D004F975A /* AppDelegate.swift in Sources */,
				5FB2D921252A2D7D004F975A /* SceneDelegate.swift in Sources */,
			);
			runOnlyForDeploymentPostprocessing = 0;
		};
/* End PBXSourcesBuildPhase section */

/* Begin PBXVariantGroup section */
		5FB2D924252A2D7D004F975A /* Main.storyboard */ = {
			isa = PBXVariantGroup;
			children = (
				5FB2D925252A2D7D004F975A /* Base */,
			);
			name = Main.storyboard;
			sourceTree = "<group>";
		};
		5FB2D929252A2D7E004F975A /* LaunchScreen.storyboard */ = {
			isa = PBXVariantGroup;
			children = (
				5FB2D92A252A2D7E004F975A /* Base */,
			);
			name = LaunchScreen.storyboard;
			sourceTree = "<group>";
		};
/* End PBXVariantGroup section */

/* Begin XCBuildConfiguration section */
		5FB2D92D252A2D7E004F975A /* Debug */ = {
			isa = XCBuildConfiguration;
			buildSettings = {
				ALWAYS_SEARCH_USER_PATHS = NO;
				CLANG_ANALYZER_NONNULL = YES;
				CLANG_ANALYZER_NUMBER_OBJECT_CONVERSION = YES_AGGRESSIVE;
				CLANG_CXX_LANGUAGE_STANDARD = "gnu++14";
				CLANG_CXX_LIBRARY = "libc++";
				CLANG_ENABLE_MODULES = YES;
				CLANG_ENABLE_OBJC_ARC = YES;
				CLANG_ENABLE_OBJC_WEAK = YES;
				CLANG_WARN_BLOCK_CAPTURE_AUTORELEASING = YES;
				CLANG_WARN_BOOL_CONVERSION = YES;
				CLANG_WARN_COMMA = YES;
				CLANG_WARN_CONSTANT_CONVERSION = YES;
				CLANG_WARN_DEPRECATED_OBJC_IMPLEMENTATIONS = YES;
				CLANG_WARN_DIRECT_OBJC_ISA_USAGE = YES_ERROR;
				CLANG_WARN_DOCUMENTATION_COMMENTS = YES;
				CLANG_WARN_EMPTY_BODY = YES;
				CLANG_WARN_ENUM_CONVERSION = YES;
				CLANG_WARN_INFINITE_RECURSION = YES;
				CLANG_WARN_INT_CONVERSION = YES;
				CLANG_WARN_NON_LITERAL_NULL_CONVERSION = YES;
				CLANG_WARN_OBJC_IMPLICIT_RETAIN_SELF = YES;
				CLANG_WARN_OBJC_LITERAL_CONVERSION = YES;
				CLANG_WARN_OBJC_ROOT_CLASS = YES_ERROR;
				CLANG_WARN_QUOTED_INCLUDE_IN_FRAMEWORK_HEADER = YES;
				CLANG_WARN_RANGE_LOOP_ANALYSIS = YES;
				CLANG_WARN_STRICT_PROTOTYPES = YES;
				CLANG_WARN_SUSPICIOUS_MOVE = YES;
				CLANG_WARN_UNGUARDED_AVAILABILITY = YES_AGGRESSIVE;
				CLANG_WARN_UNREACHABLE_CODE = YES;
				CLANG_WARN__DUPLICATE_METHOD_MATCH = YES;
				COPY_PHASE_STRIP = NO;
				DEBUG_INFORMATION_FORMAT = dwarf;
				ENABLE_STRICT_OBJC_MSGSEND = YES;
				ENABLE_TESTABILITY = YES;
				GCC_C_LANGUAGE_STANDARD = gnu11;
				GCC_DYNAMIC_NO_PIC = NO;
				GCC_NO_COMMON_BLOCKS = YES;
				GCC_OPTIMIZATION_LEVEL = 0;
				GCC_PREPROCESSOR_DEFINITIONS = (
					"DEBUG=1",
					"$(inherited)",
				);
				GCC_WARN_64_TO_32_BIT_CONVERSION = YES;
				GCC_WARN_ABOUT_RETURN_TYPE = YES_ERROR;
				GCC_WARN_UNDECLARED_SELECTOR = YES;
				GCC_WARN_UNINITIALIZED_AUTOS = YES_AGGRESSIVE;
				GCC_WARN_UNUSED_FUNCTION = YES;
				GCC_WARN_UNUSED_VARIABLE = YES;
				IPHONEOS_DEPLOYMENT_TARGET = 14.0;
				MTL_ENABLE_DEBUG_INFO = INCLUDE_SOURCE;
				MTL_FAST_MATH = YES;
				ONLY_ACTIVE_ARCH = YES;
				SDKROOT = iphoneos;
				SWIFT_ACTIVE_COMPILATION_CONDITIONS = DEBUG;
				SWIFT_OPTIMIZATION_LEVEL = "-Onone";
			};
			name = Debug;
		};
		5FB2D92E252A2D7E004F975A /* Release */ = {
			isa = XCBuildConfiguration;
			buildSettings = {
				ALWAYS_SEARCH_USER_PATHS = NO;
				CLANG_ANALYZER_NONNULL = YES;
				CLANG_ANALYZER_NUMBER_OBJECT_CONVERSION = YES_AGGRESSIVE;
				CLANG_CXX_LANGUAGE_STANDARD = "gnu++14";
				CLANG_CXX_LIBRARY = "libc++";
				CLANG_ENABLE_MODULES = YES;
				CLANG_ENABLE_OBJC_ARC = YES;
				CLANG_ENABLE_OBJC_WEAK = YES;
				CLANG_WARN_BLOCK_CAPTURE_AUTORELEASING = YES;
				CLANG_WARN_BOOL_CONVERSION = YES;
				CLANG_WARN_COMMA = YES;
				CLANG_WARN_CONSTANT_CONVERSION = YES;
				CLANG_WARN_DEPRECATED_OBJC_IMPLEMENTATIONS = YES;
				CLANG_WARN_DIRECT_OBJC_ISA_USAGE = YES_ERROR;
				CLANG_WARN_DOCUMENTATION_COMMENTS = YES;
				CLANG_WARN_EMPTY_BODY = YES;
				CLANG_WARN_ENUM_CONVERSION = YES;
				CLANG_WARN_INFINITE_RECURSION = YES;
				CLANG_WARN_INT_CONVERSION = YES;
				CLANG_WARN_NON_LITERAL_NULL_CONVERSION = YES;
				CLANG_WARN_OBJC_IMPLICIT_RETAIN_SELF = YES;
				CLANG_WARN_OBJC_LITERAL_CONVERSION = YES;
				CLANG_WARN_OBJC_ROOT_CLASS = YES_ERROR;
				CLANG_WARN_QUOTED_INCLUDE_IN_FRAMEWORK_HEADER = YES;
				CLANG_WARN_RANGE_LOOP_ANALYSIS = YES;
				CLANG_WARN_STRICT_PROTOTYPES = YES;
				CLANG_WARN_SUSPICIOUS_MOVE = YES;
				CLANG_WARN_UNGUARDED_AVAILABILITY = YES_AGGRESSIVE;
				CLANG_WARN_UNREACHABLE_CODE = YES;
				CLANG_WARN__DUPLICATE_METHOD_MATCH = YES;
				COPY_PHASE_STRIP = NO;
				DEBUG_INFORMATION_FORMAT = "dwarf-with-dsym";
				ENABLE_NS_ASSERTIONS = NO;
				ENABLE_STRICT_OBJC_MSGSEND = YES;
				GCC_C_LANGUAGE_STANDARD = gnu11;
				GCC_NO_COMMON_BLOCKS = YES;
				GCC_WARN_64_TO_32_BIT_CONVERSION = YES;
				GCC_WARN_ABOUT_RETURN_TYPE = YES_ERROR;
				GCC_WARN_UNDECLARED_SELECTOR = YES;
				GCC_WARN_UNINITIALIZED_AUTOS = YES_AGGRESSIVE;
				GCC_WARN_UNUSED_FUNCTION = YES;
				GCC_WARN_UNUSED_VARIABLE = YES;
				IPHONEOS_DEPLOYMENT_TARGET = 14.0;
				MTL_ENABLE_DEBUG_INFO = NO;
				MTL_FAST_MATH = YES;
				SDKROOT = iphoneos;
				SWIFT_COMPILATION_MODE = wholemodule;
				SWIFT_OPTIMIZATION_LEVEL = "-O";
				VALIDATE_PRODUCT = YES;
			};
			name = Release;
		};
		5FB2D930252A2D7E004F975A /* Debug */ = {
			isa = XCBuildConfiguration;
			buildSettings = {
				ASSETCATALOG_COMPILER_APPICON_NAME = AppIcon;
				ASSETCATALOG_COMPILER_GLOBAL_ACCENT_COLOR_NAME = AccentColor;
				CODE_SIGN_STYLE = Automatic;
				DEVELOPMENT_TEAM = S4BUP484EY;
				INFOPLIST_FILE = "Camera&PhotoLibrary/Info.plist";
				LD_RUNPATH_SEARCH_PATHS = (
					"$(inherited)",
					"@executable_path/Frameworks",
				);
				PRODUCT_BUNDLE_IDENTIFIER = "co.sanjaykattimani.Camera-PhotoLibrary";
				PRODUCT_NAME = "$(TARGET_NAME)";
				SWIFT_VERSION = 5.0;
				TARGETED_DEVICE_FAMILY = "1,2";
			};
			name = Debug;
		};
		5FB2D931252A2D7E004F975A /* Release */ = {
			isa = XCBuildConfiguration;
			buildSettings = {
				ASSETCATALOG_COMPILER_APPICON_NAME = AppIcon;
				ASSETCATALOG_COMPILER_GLOBAL_ACCENT_COLOR_NAME = AccentColor;
				CODE_SIGN_STYLE = Automatic;
				DEVELOPMENT_TEAM = S4BUP484EY;
				INFOPLIST_FILE = "Camera&PhotoLibrary/Info.plist";
				LD_RUNPATH_SEARCH_PATHS = (
					"$(inherited)",
					"@executable_path/Frameworks",
				);
				PRODUCT_BUNDLE_IDENTIFIER = "co.sanjaykattimani.Camera-PhotoLibrary";
				PRODUCT_NAME = "$(TARGET_NAME)";
				SWIFT_VERSION = 5.0;
				TARGETED_DEVICE_FAMILY = "1,2";
			};
			name = Release;
		};
/* End XCBuildConfiguration section */

/* Begin XCConfigurationList section */
		5FB2D916252A2D7D004F975A /* Build configuration list for PBXProject "Camera&PhotoLibrary" */ = {
			isa = XCConfigurationList;
			buildConfigurations = (
				5FB2D92D252A2D7E004F975A /* Debug */,
				5FB2D92E252A2D7E004F975A /* Release */,
			);
			defaultConfigurationIsVisible = 0;
			defaultConfigurationName = Release;
		};
		5FB2D92F252A2D7E004F975A /* Build configuration list for PBXNativeTarget "Camera&PhotoLibrary" */ = {
			isa = XCConfigurationList;
			buildConfigurations = (
				5FB2D930252A2D7E004F975A /* Debug */,
				5FB2D931252A2D7E004F975A /* Release */,
			);
			defaultConfigurationIsVisible = 0;
			defaultConfigurationName = Release;
		};
/* End XCConfigurationList section */
	};
	rootObject = 5FB2D913252A2D7D004F975A /* Project object */;
}
